
Microsoft Visual Studio Solution File, Format Version 12.00
# Visual Studio Version 17
VisualStudioVersion = 17.2.32630.192
MinimumVisualStudioVersion = 10.0.40219.1
Project("{9A19103F-16F7-4668-BE54-9A1E7A4F7556}") = "R5T.Z0063.Construction", "R5T.Z0063.Construction\R5T.Z0063.Construction.csproj", "{3A0BB496-C9B7-4C3C-A18D-2632FFAD035E}"
EndProject
Project("{9A19103F-16F7-4668-BE54-9A1E7A4F7556}") = "R5T.Z0063", "R5T.Z0063\R5T.Z0063.csproj", "{E01869D9-B391-4E82-8E40-1799C77D5CCD}"
EndProject
Project("{2150E333-8FDC-42A3-9474-1A3956D46DE8}") = "_Dependencies", "_Dependencies", "{038DBF86-956D-4CB6-988B-4432B2DFAC95}"
EndProject
Project("{9A19103F-16F7-4668-BE54-9A1E7A4F7556}") = "R5T.T0131", "..\..\R5T.T0131\source\R5T.T0131\R5T.T0131.csproj", "{8549CED5-4635-4388-A5A4-364C205D1763}"
EndProject
Project("{9A19103F-16F7-4668-BE54-9A1E7A4F7556}") = "R5T.T0132", "..\..\R5T.T0132\source\R5T.T0132\R5T.T0132.csproj", "{085C6AE9-DDBA-498F-BD0C-4A6AEAE4C2A1}"
EndProject
Project("{9A19103F-16F7-4668-BE54-9A1E7A4F7556}") = "R5T.T0143", "..\..\R5T.T0143\source\R5T.T0143\R5T.T0143.csproj", "{6D54AF1D-DAF1-4B32-99A5-08ED2BA766B1}"
EndProject
Project("{9A19103F-16F7-4668-BE54-9A1E7A4F7556}") = "R5T.T0178", "..\..\R5T.T0178\source\R5T.T0178\R5T.T0178.csproj", "{ECA24288-8FDA-4C43-BE62-F4A52E43E312}"
EndProject
Project("{9A19103F-16F7-4668-BE54-9A1E7A4F7556}") = "R5T.T0179", "..\..\R5T.T0179\source\R5T.T0179\R5T.T0179.csproj", "{CC8EEBD0-8CA7-4D67-911A-35B6E0BD88E4}"
EndProject
Project("{9A19103F-16F7-4668-BE54-9A1E7A4F7556}") = "R5T.T0180", "..\..\R5T.T0180\source\R5T.T0180\R5T.T0180.csproj", "{FF867126-058B-4121-BD1B-C8CEDB5E41C2}"
EndProject
Project("{9A19103F-16F7-4668-BE54-9A1E7A4F7556}") = "R5T.T0181", "..\..\R5T.T0181\source\R5T.T0181\R5T.T0181.csproj", "{72B44174-09B0-4AD7-A925-7BA06F1E4AE9}"
EndProject
Project("{9A19103F-16F7-4668-BE54-9A1E7A4F7556}") = "R5T.Z0063.Platform", "R5T.Z0063.Platform\R5T.Z0063.Platform.csproj", "{D1C6A17C-2A9D-4406-BC40-94902ECAD591}"
EndProject
Project("{9A19103F-16F7-4668-BE54-9A1E7A4F7556}") = "R5T.Z0063.Z000", "R5T.Z0063.Z000\R5T.Z0063.Z000.csproj", "{70E0C5EC-3789-4693-88D8-0352D503A50B}"
EndProject
Project("{9A19103F-16F7-4668-BE54-9A1E7A4F7556}") = "R5T.F0000", "..\..\R5T.F0000\source\R5T.F0000\R5T.F0000.csproj", "{EAEE6F47-860E-48D6-8DF1-1A500D481C15}"
EndProject
Project("{9A19103F-16F7-4668-BE54-9A1E7A4F7556}") = "R5T.F0002", "..\..\R5T.F0002\source\R5T.F0002\R5T.F0002.csproj", "{34A70AC5-CEB2-46BC-B0B3-B732A421C541}"
EndProject
Project("{9A19103F-16F7-4668-BE54-9A1E7A4F7556}") = "R5T.F0059", "..\..\R5T.F0059\source\R5T.F0059\R5T.F0059.csproj", "{7291EFF6-E018-44E0-B92F-3A17FCF047EA}"
EndProject
Project("{9A19103F-16F7-4668-BE54-9A1E7A4F7556}") = "R5T.F0120", "..\..\R5T.F0120\source\R5T.F0120\R5T.F0120.csproj", "{927A897A-B182-4875-808D-867336DFEB23}"
EndProject
Project("{9A19103F-16F7-4668-BE54-9A1E7A4F7556}") = "R5T.F0124", "..\..\R5T.F0124\source\R5T.F0124\R5T.F0124.csproj", "{E8E2CCD4-5C47-4A85-87A2-D0EF01E30C93}"
EndProject
Project("{9A19103F-16F7-4668-BE54-9A1E7A4F7556}") = "R5T.F0125", "..\..\R5T.F0125\source\R5T.F0125\R5T.F0125.csproj", "{4CAECB48-582B-4A3C-BB9B-0E224FAAA28D}"
EndProject
Project("{9A19103F-16F7-4668-BE54-9A1E7A4F7556}") = "R5T.L0030.T000", "..\..\R5T.L0030\source\R5T.L0030.T000\R5T.L0030.T000.csproj", "{73716BC8-569C-4952-8005-318B711DF4F5}"
EndProject
Project("{9A19103F-16F7-4668-BE54-9A1E7A4F7556}") = "R5T.L0030", "..\..\R5T.L0030\source\R5T.L0030\R5T.L0030.csproj", "{74406B3A-3D15-4530-9B9B-BBB57AFD6E5C}"
EndProject
Project("{9A19103F-16F7-4668-BE54-9A1E7A4F7556}") = "R5T.L0034", "..\..\R5T.L0034\source\R5T.L0034\R5T.L0034.csproj", "{7B4B0F3E-EE21-45AC-925B-DB0F897A56FB}"
EndProject
Project("{9A19103F-16F7-4668-BE54-9A1E7A4F7556}") = "R5T.L0035", "..\..\R5T.L0035\source\R5T.L0035\R5T.L0035.csproj", "{16EE07CF-5590-4CA1-911F-F9E14B9B6646}"
EndProject
Project("{9A19103F-16F7-4668-BE54-9A1E7A4F7556}") = "R5T.L0053", "..\..\R5T.L0053\source\R5T.L0053\R5T.L0053.csproj", "{D53629FE-E6A8-4FB3-B141-06EF042697E3}"
EndProject
Project("{9A19103F-16F7-4668-BE54-9A1E7A4F7556}") = "R5T.L0056", "..\..\R5T.L0056\source\R5T.L0056\R5T.L0056.csproj", "{D312F531-E5BB-4471-9AD5-0A26321C7910}"
EndProject
Project("{9A19103F-16F7-4668-BE54-9A1E7A4F7556}") = "R5T.L0066", "..\..\R5T.L0066\source\R5T.L0066\R5T.L0066.csproj", "{C5E7C6C1-ECD3-4903-ABFE-8A03A1DFC193}"
EndProject
Project("{9A19103F-16F7-4668-BE54-9A1E7A4F7556}") = "R5T.L0071", "..\..\R5T.L0071\source\R5T.L0071\R5T.L0071.csproj", "{DA51E743-2AD3-4362-B645-FD111BD7E15F}"
EndProject
Project("{9A19103F-16F7-4668-BE54-9A1E7A4F7556}") = "R5T.L0074", "..\..\R5T.L0074\source\R5T.L0074\R5T.L0074.csproj", "{8B328887-7D5C-4E14-A90C-D15ADCB604C8}"
EndProject
Project("{9A19103F-16F7-4668-BE54-9A1E7A4F7556}") = "R5T.L0089.F000", "..\..\R5T.L0089\source\R5T.L0089.F000\R5T.L0089.F000.csproj", "{9D178255-B7F2-4377-B2F9-36E0330902B8}"
EndProject
Project("{9A19103F-16F7-4668-BE54-9A1E7A4F7556}") = "R5T.L0089.T000", "..\..\R5T.L0089\source\R5T.L0089.T000\R5T.L0089.T000.csproj", "{9763D359-171F-435C-94BE-DE808A5C7F9F}"
EndProject
Project("{9A19103F-16F7-4668-BE54-9A1E7A4F7556}") = "R5T.L0089", "..\..\R5T.L0089\source\R5T.L0089\R5T.L0089.csproj", "{A5643829-5E8B-4BAB-BD8D-F04FAE8B95F3}"
EndProject
Project("{9A19103F-16F7-4668-BE54-9A1E7A4F7556}") = "R5T.NG0006", "..\..\R5T.NG0006\source\R5T.NG0006\R5T.NG0006.csproj", "{3DC32FD8-A33B-4657-99F4-7BCD8377AFAD}"
EndProject
Project("{9A19103F-16F7-4668-BE54-9A1E7A4F7556}") = "R5T.NG0022", "..\..\R5T.NG0022\source\R5T.NG0022\R5T.NG0022.csproj", "{B528C863-B495-49F4-A028-AFD848DC109D}"
EndProject
Project("{9A19103F-16F7-4668-BE54-9A1E7A4F7556}") = "R5T.T0142", "..\..\R5T.T0142\source\R5T.T0142\R5T.T0142.csproj", "{778CF8F7-39FD-4580-8A6C-8152FBE67800}"
EndProject
Project("{9A19103F-16F7-4668-BE54-9A1E7A4F7556}") = "R5T.T0150", "..\..\R5T.T0150\source\R5T.T0150\R5T.T0150.csproj", "{66D4E217-CD8C-4DC0-97CE-23736EE9166E}"
EndProject
Project("{9A19103F-16F7-4668-BE54-9A1E7A4F7556}") = "R5T.T0151", "..\..\R5T.T0151\source\R5T.T0151\R5T.T0151.csproj", "{80204BA8-1E96-4F2D-9C83-EE0BEAE814AB}"
EndProject
Project("{9A19103F-16F7-4668-BE54-9A1E7A4F7556}") = "R5T.T0156", "..\..\R5T.T0156\source\R5T.T0156\R5T.T0156.csproj", "{A03D25EB-3EB3-43B9-8654-32F5E75E31E9}"
EndProject
Project("{9A19103F-16F7-4668-BE54-9A1E7A4F7556}") = "R5T.T0158", "..\..\R5T.T0158\source\R5T.T0158\R5T.T0158.csproj", "{5C0D6435-5D17-42C2-B856-1BEC6793823D}"
EndProject
Project("{9A19103F-16F7-4668-BE54-9A1E7A4F7556}") = "R5T.T0159", "..\..\R5T.T0159\source\R5T.T0159\R5T.T0159.csproj", "{42DBED9D-7776-495E-84E3-5171F81D5A50}"
EndProject
Project("{9A19103F-16F7-4668-BE54-9A1E7A4F7556}") = "R5T.T0172", "..\..\R5T.T0172\source\R5T.T0172\R5T.T0172.csproj", "{94B055FC-6509-4089-BCD6-D373B082D4D2}"
EndProject
Project("{9A19103F-16F7-4668-BE54-9A1E7A4F7556}") = "R5T.T0174", "..\..\R5T.T0174\source\R5T.T0174\R5T.T0174.csproj", "{AED5F63F-192C-47D8-A7A0-7AE7EE47B2E1}"
EndProject
Project("{9A19103F-16F7-4668-BE54-9A1E7A4F7556}") = "R5T.T0176", "..\..\R5T.T0176\source\R5T.T0176\R5T.T0176.csproj", "{EBAE02E0-B573-4AB0-BC8D-7E57FBC7E262}"
EndProject
Project("{9A19103F-16F7-4668-BE54-9A1E7A4F7556}") = "R5T.T0177", "..\..\R5T.T0177\source\R5T.T0177\R5T.T0177.csproj", "{BA8958BF-8E84-4FB2-8CE3-6B6BF6585D2C}"
EndProject
Project("{9A19103F-16F7-4668-BE54-9A1E7A4F7556}") = "R5T.T0185", "..\..\R5T.T0185\source\R5T.T0185\R5T.T0185.csproj", "{5054BA57-57CC-40B2-9B74-F26E39C09F38}"
EndProject
Project("{9A19103F-16F7-4668-BE54-9A1E7A4F7556}") = "R5T.T0199.T000", "..\..\R5T.T0199\source\R5T.T0199.T000\R5T.T0199.T000.csproj", "{F289680C-884A-41E8-AF06-9DBF3C993C2F}"
EndProject
Project("{9A19103F-16F7-4668-BE54-9A1E7A4F7556}") = "R5T.T0199.T001", "..\..\R5T.T0199\source\R5T.T0199.T001\R5T.T0199.T001.csproj", "{1B9B4003-5A2E-423B-A532-F008E27FE93C}"
EndProject
Project("{9A19103F-16F7-4668-BE54-9A1E7A4F7556}") = "R5T.T0199", "..\..\R5T.T0199\source\R5T.T0199\R5T.T0199.csproj", "{193DF0F3-4DAD-41D7-BAF8-44C694AEDC8D}"
EndProject
Project("{9A19103F-16F7-4668-BE54-9A1E7A4F7556}") = "R5T.T0203", "..\..\R5T.T0203\source\R5T.T0203\R5T.T0203.csproj", "{F3DD48C0-3CCB-41A9-BBB4-3AE73DEA5742}"
EndProject
Project("{9A19103F-16F7-4668-BE54-9A1E7A4F7556}") = "R5T.T0213", "..\..\R5T.T0213\source\R5T.T0213\R5T.T0213.csproj", "{BA07D1E4-B228-456B-874B-E9B3F5980F6F}"
EndProject
Project("{9A19103F-16F7-4668-BE54-9A1E7A4F7556}") = "R5T.T0218", "..\..\R5T.T0218\source\R5T.T0218\R5T.T0218.csproj", "{97A4A867-A1E7-4DF0-A38A-881021563487}"
EndProject
Project("{9A19103F-16F7-4668-BE54-9A1E7A4F7556}") = "R5T.T0219", "..\..\R5T.T0219\source\R5T.T0219\R5T.T0219.csproj", "{E4E499B9-5635-4545-BEE9-64A3D78B531E}"
EndProject
Project("{9A19103F-16F7-4668-BE54-9A1E7A4F7556}") = "R5T.T0220", "..\..\R5T.T0220\source\R5T.T0220\R5T.T0220.csproj", "{FFADD7E9-CA76-4613-9B9B-ADBB0970810B}"
EndProject
Project("{9A19103F-16F7-4668-BE54-9A1E7A4F7556}") = "R5T.T0221", "..\..\R5T.T0221\source\R5T.T0221\R5T.T0221.csproj", "{7EB3A6AC-C6DA-44E8-9B10-56984DF8D053}"
EndProject
Project("{9A19103F-16F7-4668-BE54-9A1E7A4F7556}") = "R5T.T0227", "..\..\R5T.T0227\source\R5T.T0227\R5T.T0227.csproj", "{B651836C-CE8B-4C55-A4C1-991F79CDE3C8}"
EndProject
Project("{9A19103F-16F7-4668-BE54-9A1E7A4F7556}") = "R5T.T0241", "..\..\R5T.T0241\source\R5T.T0241\R5T.T0241.csproj", "{B118AC4E-DE08-4FA4-87BD-2939F654705A}"
EndProject
Project("{9A19103F-16F7-4668-BE54-9A1E7A4F7556}") = "R5T.T0252", "..\..\R5T.T0252\source\R5T.T0252\R5T.T0252.csproj", "{C7FBC2F6-FA98-4ADD-A0BE-89AE78630025}"
EndProject
Project("{9A19103F-16F7-4668-BE54-9A1E7A4F7556}") = "R5T.Y0000", "..\..\R5T.Y0000\source\R5T.Y0000\R5T.Y0000.csproj", "{84473AFC-4DB3-4523-8DCE-A7353747D992}"
EndProject
Project("{9A19103F-16F7-4668-BE54-9A1E7A4F7556}") = "R5T.Y0006", "..\..\R5T.Y0006\source\R5T.Y0006\R5T.Y0006.csproj", "{15A65AB3-6EDC-405C-A331-280231EE8AFA}"
EndProject
Project("{9A19103F-16F7-4668-BE54-9A1E7A4F7556}") = "R5T.Z0000", "..\..\R5T.Z0000\source\R5T.Z0000\R5T.Z0000.csproj", "{D7BAEC12-D7A2-4C5A-85C4-BB686FC81473}"
EndProject
Project("{9A19103F-16F7-4668-BE54-9A1E7A4F7556}") = "R5T.Z0057.Platform", "..\..\R5T.Z0057\source\R5T.Z0057.Platform\R5T.Z0057.Platform.csproj", "{1833F36B-C2E8-40D3-BB44-FC404E145CAD}"
EndProject
Project("{9A19103F-16F7-4668-BE54-9A1E7A4F7556}") = "R5T.Z0057", "..\..\R5T.Z0057\source\R5T.Z0057\R5T.Z0057.csproj", "{A765A9C6-D3D8-422E-A842-73F84617E316}"
EndProject
Project("{9A19103F-16F7-4668-BE54-9A1E7A4F7556}") = "R5T.Z0058", "..\..\R5T.Z0058\source\R5T.Z0058\R5T.Z0058.csproj", "{C9DF3D34-4BF6-4BA5-B5EF-6D5FE4FBDC5F}"
EndProject
Project("{9A19103F-16F7-4668-BE54-9A1E7A4F7556}") = "R5T.Z0072.Z000", "..\..\R5T.Z0072\source\R5T.Z0072.Z000\R5T.Z0072.Z000.csproj", "{CE308C5A-A943-4905-96FA-C14444FF504A}"
EndProject
Project("{9A19103F-16F7-4668-BE54-9A1E7A4F7556}") = "R5T.Z0072.Z001", "..\..\R5T.Z0072\source\R5T.Z0072.Z001\R5T.Z0072.Z001.csproj", "{9A3DED3D-5409-4F6E-84CC-618F4082E565}"
EndProject
Project("{9A19103F-16F7-4668-BE54-9A1E7A4F7556}") = "R5T.Z0072.Z002", "..\..\R5T.Z0072\source\R5T.Z0072.Z002\R5T.Z0072.Z002.csproj", "{C8B235FD-E94F-4AB3-BA62-E37B4B3BFDAE}"
EndProject
Project("{9A19103F-16F7-4668-BE54-9A1E7A4F7556}") = "R5T.Z0072.Z004", "..\..\R5T.Z0072\source\R5T.Z0072.Z004\R5T.Z0072.Z004.csproj", "{919CA51F-1B52-4954-8141-7EBFD67A0158}"
EndProject
Project("{9A19103F-16F7-4668-BE54-9A1E7A4F7556}") = "R5T.Z0063.Z002", "R5T.Z0063.Z002\R5T.Z0063.Z002.csproj", "{1606C82C-6F94-40FB-B91C-6BBA413E9B60}"
EndProject
Project("{9A19103F-16F7-4668-BE54-9A1E7A4F7556}") = "R5T.Z0063.Z001", "R5T.Z0063.Z001\R5T.Z0063.Z001.csproj", "{A05D69B5-62BA-4C5E-938B-CF06F8711D7B}"
EndProject
Project("{9A19103F-16F7-4668-BE54-9A1E7A4F7556}") = "R5T.Z0063.Z003", "R5T.Z0063.Z003\R5T.Z0063.Z003.csproj", "{37E1BF7A-372C-44B2-BE97-108BA39588E4}"
EndProject
Global
	GlobalSection(SolutionConfigurationPlatforms) = preSolution
		Debug|Any CPU = Debug|Any CPU
		Release|Any CPU = Release|Any CPU
	EndGlobalSection
	GlobalSection(ProjectConfigurationPlatforms) = postSolution
		{3A0BB496-C9B7-4C3C-A18D-2632FFAD035E}.Debug|Any CPU.ActiveCfg = Debug|Any CPU
		{3A0BB496-C9B7-4C3C-A18D-2632FFAD035E}.Debug|Any CPU.Build.0 = Debug|Any CPU
		{3A0BB496-C9B7-4C3C-A18D-2632FFAD035E}.Release|Any CPU.ActiveCfg = Release|Any CPU
		{3A0BB496-C9B7-4C3C-A18D-2632FFAD035E}.Release|Any CPU.Build.0 = Release|Any CPU
		{E01869D9-B391-4E82-8E40-1799C77D5CCD}.Debug|Any CPU.ActiveCfg = Debug|Any CPU
		{E01869D9-B391-4E82-8E40-1799C77D5CCD}.Debug|Any CPU.Build.0 = Debug|Any CPU
		{E01869D9-B391-4E82-8E40-1799C77D5CCD}.Release|Any CPU.ActiveCfg = Release|Any CPU
		{E01869D9-B391-4E82-8E40-1799C77D5CCD}.Release|Any CPU.Build.0 = Release|Any CPU
		{8549CED5-4635-4388-A5A4-364C205D1763}.Debug|Any CPU.ActiveCfg = Debug|Any CPU
		{8549CED5-4635-4388-A5A4-364C205D1763}.Debug|Any CPU.Build.0 = Debug|Any CPU
		{8549CED5-4635-4388-A5A4-364C205D1763}.Release|Any CPU.ActiveCfg = Release|Any CPU
		{8549CED5-4635-4388-A5A4-364C205D1763}.Release|Any CPU.Build.0 = Release|Any CPU
		{085C6AE9-DDBA-498F-BD0C-4A6AEAE4C2A1}.Debug|Any CPU.ActiveCfg = Debug|Any CPU
		{085C6AE9-DDBA-498F-BD0C-4A6AEAE4C2A1}.Debug|Any CPU.Build.0 = Debug|Any CPU
		{085C6AE9-DDBA-498F-BD0C-4A6AEAE4C2A1}.Release|Any CPU.ActiveCfg = Release|Any CPU
		{085C6AE9-DDBA-498F-BD0C-4A6AEAE4C2A1}.Release|Any CPU.Build.0 = Release|Any CPU
		{6D54AF1D-DAF1-4B32-99A5-08ED2BA766B1}.Debug|Any CPU.ActiveCfg = Debug|Any CPU
		{6D54AF1D-DAF1-4B32-99A5-08ED2BA766B1}.Debug|Any CPU.Build.0 = Debug|Any CPU
		{6D54AF1D-DAF1-4B32-99A5-08ED2BA766B1}.Release|Any CPU.ActiveCfg = Release|Any CPU
		{6D54AF1D-DAF1-4B32-99A5-08ED2BA766B1}.Release|Any CPU.Build.0 = Release|Any CPU
		{ECA24288-8FDA-4C43-BE62-F4A52E43E312}.Debug|Any CPU.ActiveCfg = Debug|Any CPU
		{ECA24288-8FDA-4C43-BE62-F4A52E43E312}.Debug|Any CPU.Build.0 = Debug|Any CPU
		{ECA24288-8FDA-4C43-BE62-F4A52E43E312}.Release|Any CPU.ActiveCfg = Release|Any CPU
		{ECA24288-8FDA-4C43-BE62-F4A52E43E312}.Release|Any CPU.Build.0 = Release|Any CPU
		{CC8EEBD0-8CA7-4D67-911A-35B6E0BD88E4}.Debug|Any CPU.ActiveCfg = Debug|Any CPU
		{CC8EEBD0-8CA7-4D67-911A-35B6E0BD88E4}.Debug|Any CPU.Build.0 = Debug|Any CPU
		{CC8EEBD0-8CA7-4D67-911A-35B6E0BD88E4}.Release|Any CPU.ActiveCfg = Release|Any CPU
		{CC8EEBD0-8CA7-4D67-911A-35B6E0BD88E4}.Release|Any CPU.Build.0 = Release|Any CPU
		{FF867126-058B-4121-BD1B-C8CEDB5E41C2}.Debug|Any CPU.ActiveCfg = Debug|Any CPU
		{FF867126-058B-4121-BD1B-C8CEDB5E41C2}.Debug|Any CPU.Build.0 = Debug|Any CPU
		{FF867126-058B-4121-BD1B-C8CEDB5E41C2}.Release|Any CPU.ActiveCfg = Release|Any CPU
		{FF867126-058B-4121-BD1B-C8CEDB5E41C2}.Release|Any CPU.Build.0 = Release|Any CPU
		{72B44174-09B0-4AD7-A925-7BA06F1E4AE9}.Debug|Any CPU.ActiveCfg = Debug|Any CPU
		{72B44174-09B0-4AD7-A925-7BA06F1E4AE9}.Debug|Any CPU.Build.0 = Debug|Any CPU
		{72B44174-09B0-4AD7-A925-7BA06F1E4AE9}.Release|Any CPU.ActiveCfg = Release|Any CPU
		{72B44174-09B0-4AD7-A925-7BA06F1E4AE9}.Release|Any CPU.Build.0 = Release|Any CPU
		{D1C6A17C-2A9D-4406-BC40-94902ECAD591}.Debug|Any CPU.ActiveCfg = Debug|Any CPU
		{D1C6A17C-2A9D-4406-BC40-94902ECAD591}.Debug|Any CPU.Build.0 = Debug|Any CPU
		{D1C6A17C-2A9D-4406-BC40-94902ECAD591}.Release|Any CPU.ActiveCfg = Release|Any CPU
		{D1C6A17C-2A9D-4406-BC40-94902ECAD591}.Release|Any CPU.Build.0 = Release|Any CPU
		{70E0C5EC-3789-4693-88D8-0352D503A50B}.Debug|Any CPU.ActiveCfg = Debug|Any CPU
		{70E0C5EC-3789-4693-88D8-0352D503A50B}.Debug|Any CPU.Build.0 = Debug|Any CPU
		{70E0C5EC-3789-4693-88D8-0352D503A50B}.Release|Any CPU.ActiveCfg = Release|Any CPU
		{70E0C5EC-3789-4693-88D8-0352D503A50B}.Release|Any CPU.Build.0 = Release|Any CPU
		{EAEE6F47-860E-48D6-8DF1-1A500D481C15}.Debug|Any CPU.ActiveCfg = Debug|Any CPU
		{EAEE6F47-860E-48D6-8DF1-1A500D481C15}.Debug|Any CPU.Build.0 = Debug|Any CPU
		{EAEE6F47-860E-48D6-8DF1-1A500D481C15}.Release|Any CPU.ActiveCfg = Release|Any CPU
		{EAEE6F47-860E-48D6-8DF1-1A500D481C15}.Release|Any CPU.Build.0 = Release|Any CPU
		{34A70AC5-CEB2-46BC-B0B3-B732A421C541}.Debug|Any CPU.ActiveCfg = Debug|Any CPU
		{34A70AC5-CEB2-46BC-B0B3-B732A421C541}.Debug|Any CPU.Build.0 = Debug|Any CPU
		{34A70AC5-CEB2-46BC-B0B3-B732A421C541}.Release|Any CPU.ActiveCfg = Release|Any CPU
		{34A70AC5-CEB2-46BC-B0B3-B732A421C541}.Release|Any CPU.Build.0 = Release|Any CPU
		{7291EFF6-E018-44E0-B92F-3A17FCF047EA}.Debug|Any CPU.ActiveCfg = Debug|Any CPU
		{7291EFF6-E018-44E0-B92F-3A17FCF047EA}.Debug|Any CPU.Build.0 = Debug|Any CPU
		{7291EFF6-E018-44E0-B92F-3A17FCF047EA}.Release|Any CPU.ActiveCfg = Release|Any CPU
		{7291EFF6-E018-44E0-B92F-3A17FCF047EA}.Release|Any CPU.Build.0 = Release|Any CPU
		{927A897A-B182-4875-808D-867336DFEB23}.Debug|Any CPU.ActiveCfg = Debug|Any CPU
		{927A897A-B182-4875-808D-867336DFEB23}.Debug|Any CPU.Build.0 = Debug|Any CPU
		{927A897A-B182-4875-808D-867336DFEB23}.Release|Any CPU.ActiveCfg = Release|Any CPU
		{927A897A-B182-4875-808D-867336DFEB23}.Release|Any CPU.Build.0 = Release|Any CPU
		{E8E2CCD4-5C47-4A85-87A2-D0EF01E30C93}.Debug|Any CPU.ActiveCfg = Debug|Any CPU
		{E8E2CCD4-5C47-4A85-87A2-D0EF01E30C93}.Debug|Any CPU.Build.0 = Debug|Any CPU
		{E8E2CCD4-5C47-4A85-87A2-D0EF01E30C93}.Release|Any CPU.ActiveCfg = Release|Any CPU
		{E8E2CCD4-5C47-4A85-87A2-D0EF01E30C93}.Release|Any CPU.Build.0 = Release|Any CPU
		{4CAECB48-582B-4A3C-BB9B-0E224FAAA28D}.Debug|Any CPU.ActiveCfg = Debug|Any CPU
		{4CAECB48-582B-4A3C-BB9B-0E224FAAA28D}.Debug|Any CPU.Build.0 = Debug|Any CPU
		{4CAECB48-582B-4A3C-BB9B-0E224FAAA28D}.Release|Any CPU.ActiveCfg = Release|Any CPU
		{4CAECB48-582B-4A3C-BB9B-0E224FAAA28D}.Release|Any CPU.Build.0 = Release|Any CPU
		{73716BC8-569C-4952-8005-318B711DF4F5}.Debug|Any CPU.ActiveCfg = Debug|Any CPU
		{73716BC8-569C-4952-8005-318B711DF4F5}.Debug|Any CPU.Build.0 = Debug|Any CPU
		{73716BC8-569C-4952-8005-318B711DF4F5}.Release|Any CPU.ActiveCfg = Release|Any CPU
		{73716BC8-569C-4952-8005-318B711DF4F5}.Release|Any CPU.Build.0 = Release|Any CPU
		{74406B3A-3D15-4530-9B9B-BBB57AFD6E5C}.Debug|Any CPU.ActiveCfg = Debug|Any CPU
		{74406B3A-3D15-4530-9B9B-BBB57AFD6E5C}.Debug|Any CPU.Build.0 = Debug|Any CPU
		{74406B3A-3D15-4530-9B9B-BBB57AFD6E5C}.Release|Any CPU.ActiveCfg = Release|Any CPU
		{74406B3A-3D15-4530-9B9B-BBB57AFD6E5C}.Release|Any CPU.Build.0 = Release|Any CPU
		{7B4B0F3E-EE21-45AC-925B-DB0F897A56FB}.Debug|Any CPU.ActiveCfg = Debug|Any CPU
		{7B4B0F3E-EE21-45AC-925B-DB0F897A56FB}.Debug|Any CPU.Build.0 = Debug|Any CPU
		{7B4B0F3E-EE21-45AC-925B-DB0F897A56FB}.Release|Any CPU.ActiveCfg = Release|Any CPU
		{7B4B0F3E-EE21-45AC-925B-DB0F897A56FB}.Release|Any CPU.Build.0 = Release|Any CPU
		{16EE07CF-5590-4CA1-911F-F9E14B9B6646}.Debug|Any CPU.ActiveCfg = Debug|Any CPU
		{16EE07CF-5590-4CA1-911F-F9E14B9B6646}.Debug|Any CPU.Build.0 = Debug|Any CPU
		{16EE07CF-5590-4CA1-911F-F9E14B9B6646}.Release|Any CPU.ActiveCfg = Release|Any CPU
		{16EE07CF-5590-4CA1-911F-F9E14B9B6646}.Release|Any CPU.Build.0 = Release|Any CPU
		{D53629FE-E6A8-4FB3-B141-06EF042697E3}.Debug|Any CPU.ActiveCfg = Debug|Any CPU
		{D53629FE-E6A8-4FB3-B141-06EF042697E3}.Debug|Any CPU.Build.0 = Debug|Any CPU
		{D53629FE-E6A8-4FB3-B141-06EF042697E3}.Release|Any CPU.ActiveCfg = Release|Any CPU
		{D53629FE-E6A8-4FB3-B141-06EF042697E3}.Release|Any CPU.Build.0 = Release|Any CPU
		{D312F531-E5BB-4471-9AD5-0A26321C7910}.Debug|Any CPU.ActiveCfg = Debug|Any CPU
		{D312F531-E5BB-4471-9AD5-0A26321C7910}.Debug|Any CPU.Build.0 = Debug|Any CPU
		{D312F531-E5BB-4471-9AD5-0A26321C7910}.Release|Any CPU.ActiveCfg = Release|Any CPU
		{D312F531-E5BB-4471-9AD5-0A26321C7910}.Release|Any CPU.Build.0 = Release|Any CPU
		{C5E7C6C1-ECD3-4903-ABFE-8A03A1DFC193}.Debug|Any CPU.ActiveCfg = Debug|Any CPU
		{C5E7C6C1-ECD3-4903-ABFE-8A03A1DFC193}.Debug|Any CPU.Build.0 = Debug|Any CPU
		{C5E7C6C1-ECD3-4903-ABFE-8A03A1DFC193}.Release|Any CPU.ActiveCfg = Release|Any CPU
		{C5E7C6C1-ECD3-4903-ABFE-8A03A1DFC193}.Release|Any CPU.Build.0 = Release|Any CPU
		{DA51E743-2AD3-4362-B645-FD111BD7E15F}.Debug|Any CPU.ActiveCfg = Debug|Any CPU
		{DA51E743-2AD3-4362-B645-FD111BD7E15F}.Debug|Any CPU.Build.0 = Debug|Any CPU
		{DA51E743-2AD3-4362-B645-FD111BD7E15F}.Release|Any CPU.ActiveCfg = Release|Any CPU
		{DA51E743-2AD3-4362-B645-FD111BD7E15F}.Release|Any CPU.Build.0 = Release|Any CPU
		{8B328887-7D5C-4E14-A90C-D15ADCB604C8}.Debug|Any CPU.ActiveCfg = Debug|Any CPU
		{8B328887-7D5C-4E14-A90C-D15ADCB604C8}.Debug|Any CPU.Build.0 = Debug|Any CPU
		{8B328887-7D5C-4E14-A90C-D15ADCB604C8}.Release|Any CPU.ActiveCfg = Release|Any CPU
		{8B328887-7D5C-4E14-A90C-D15ADCB604C8}.Release|Any CPU.Build.0 = Release|Any CPU
		{9D178255-B7F2-4377-B2F9-36E0330902B8}.Debug|Any CPU.ActiveCfg = Debug|Any CPU
		{9D178255-B7F2-4377-B2F9-36E0330902B8}.Debug|Any CPU.Build.0 = Debug|Any CPU
		{9D178255-B7F2-4377-B2F9-36E0330902B8}.Release|Any CPU.ActiveCfg = Release|Any CPU
		{9D178255-B7F2-4377-B2F9-36E0330902B8}.Release|Any CPU.Build.0 = Release|Any CPU
		{9763D359-171F-435C-94BE-DE808A5C7F9F}.Debug|Any CPU.ActiveCfg = Debug|Any CPU
		{9763D359-171F-435C-94BE-DE808A5C7F9F}.Debug|Any CPU.Build.0 = Debug|Any CPU
		{9763D359-171F-435C-94BE-DE808A5C7F9F}.Release|Any CPU.ActiveCfg = Release|Any CPU
		{9763D359-171F-435C-94BE-DE808A5C7F9F}.Release|Any CPU.Build.0 = Release|Any CPU
		{A5643829-5E8B-4BAB-BD8D-F04FAE8B95F3}.Debug|Any CPU.ActiveCfg = Debug|Any CPU
		{A5643829-5E8B-4BAB-BD8D-F04FAE8B95F3}.Debug|Any CPU.Build.0 = Debug|Any CPU
		{A5643829-5E8B-4BAB-BD8D-F04FAE8B95F3}.Release|Any CPU.ActiveCfg = Release|Any CPU
		{A5643829-5E8B-4BAB-BD8D-F04FAE8B95F3}.Release|Any CPU.Build.0 = Release|Any CPU
		{3DC32FD8-A33B-4657-99F4-7BCD8377AFAD}.Debug|Any CPU.ActiveCfg = Debug|Any CPU
		{3DC32FD8-A33B-4657-99F4-7BCD8377AFAD}.Debug|Any CPU.Build.0 = Debug|Any CPU
		{3DC32FD8-A33B-4657-99F4-7BCD8377AFAD}.Release|Any CPU.ActiveCfg = Release|Any CPU
		{3DC32FD8-A33B-4657-99F4-7BCD8377AFAD}.Release|Any CPU.Build.0 = Release|Any CPU
		{B528C863-B495-49F4-A028-AFD848DC109D}.Debug|Any CPU.ActiveCfg = Debug|Any CPU
		{B528C863-B495-49F4-A028-AFD848DC109D}.Debug|Any CPU.Build.0 = Debug|Any CPU
		{B528C863-B495-49F4-A028-AFD848DC109D}.Release|Any CPU.ActiveCfg = Release|Any CPU
		{B528C863-B495-49F4-A028-AFD848DC109D}.Release|Any CPU.Build.0 = Release|Any CPU
		{778CF8F7-39FD-4580-8A6C-8152FBE67800}.Debug|Any CPU.ActiveCfg = Debug|Any CPU
		{778CF8F7-39FD-4580-8A6C-8152FBE67800}.Debug|Any CPU.Build.0 = Debug|Any CPU
		{778CF8F7-39FD-4580-8A6C-8152FBE67800}.Release|Any CPU.ActiveCfg = Release|Any CPU
		{778CF8F7-39FD-4580-8A6C-8152FBE67800}.Release|Any CPU.Build.0 = Release|Any CPU
		{66D4E217-CD8C-4DC0-97CE-23736EE9166E}.Debug|Any CPU.ActiveCfg = Debug|Any CPU
		{66D4E217-CD8C-4DC0-97CE-23736EE9166E}.Debug|Any CPU.Build.0 = Debug|Any CPU
		{66D4E217-CD8C-4DC0-97CE-23736EE9166E}.Release|Any CPU.ActiveCfg = Release|Any CPU
		{66D4E217-CD8C-4DC0-97CE-23736EE9166E}.Release|Any CPU.Build.0 = Release|Any CPU
		{80204BA8-1E96-4F2D-9C83-EE0BEAE814AB}.Debug|Any CPU.ActiveCfg = Debug|Any CPU
		{80204BA8-1E96-4F2D-9C83-EE0BEAE814AB}.Debug|Any CPU.Build.0 = Debug|Any CPU
		{80204BA8-1E96-4F2D-9C83-EE0BEAE814AB}.Release|Any CPU.ActiveCfg = Release|Any CPU
		{80204BA8-1E96-4F2D-9C83-EE0BEAE814AB}.Release|Any CPU.Build.0 = Release|Any CPU
		{A03D25EB-3EB3-43B9-8654-32F5E75E31E9}.Debug|Any CPU.ActiveCfg = Debug|Any CPU
		{A03D25EB-3EB3-43B9-8654-32F5E75E31E9}.Debug|Any CPU.Build.0 = Debug|Any CPU
		{A03D25EB-3EB3-43B9-8654-32F5E75E31E9}.Release|Any CPU.ActiveCfg = Release|Any CPU
		{A03D25EB-3EB3-43B9-8654-32F5E75E31E9}.Release|Any CPU.Build.0 = Release|Any CPU
		{5C0D6435-5D17-42C2-B856-1BEC6793823D}.Debug|Any CPU.ActiveCfg = Debug|Any CPU
		{5C0D6435-5D17-42C2-B856-1BEC6793823D}.Debug|Any CPU.Build.0 = Debug|Any CPU
		{5C0D6435-5D17-42C2-B856-1BEC6793823D}.Release|Any CPU.ActiveCfg = Release|Any CPU
		{5C0D6435-5D17-42C2-B856-1BEC6793823D}.Release|Any CPU.Build.0 = Release|Any CPU
		{42DBED9D-7776-495E-84E3-5171F81D5A50}.Debug|Any CPU.ActiveCfg = Debug|Any CPU
		{42DBED9D-7776-495E-84E3-5171F81D5A50}.Debug|Any CPU.Build.0 = Debug|Any CPU
		{42DBED9D-7776-495E-84E3-5171F81D5A50}.Release|Any CPU.ActiveCfg = Release|Any CPU
		{42DBED9D-7776-495E-84E3-5171F81D5A50}.Release|Any CPU.Build.0 = Release|Any CPU
		{94B055FC-6509-4089-BCD6-D373B082D4D2}.Debug|Any CPU.ActiveCfg = Debug|Any CPU
		{94B055FC-6509-4089-BCD6-D373B082D4D2}.Debug|Any CPU.Build.0 = Debug|Any CPU
		{94B055FC-6509-4089-BCD6-D373B082D4D2}.Release|Any CPU.ActiveCfg = Release|Any CPU
		{94B055FC-6509-4089-BCD6-D373B082D4D2}.Release|Any CPU.Build.0 = Release|Any CPU
		{AED5F63F-192C-47D8-A7A0-7AE7EE47B2E1}.Debug|Any CPU.ActiveCfg = Debug|Any CPU
		{AED5F63F-192C-47D8-A7A0-7AE7EE47B2E1}.Debug|Any CPU.Build.0 = Debug|Any CPU
		{AED5F63F-192C-47D8-A7A0-7AE7EE47B2E1}.Release|Any CPU.ActiveCfg = Release|Any CPU
		{AED5F63F-192C-47D8-A7A0-7AE7EE47B2E1}.Release|Any CPU.Build.0 = Release|Any CPU
		{EBAE02E0-B573-4AB0-BC8D-7E57FBC7E262}.Debug|Any CPU.ActiveCfg = Debug|Any CPU
		{EBAE02E0-B573-4AB0-BC8D-7E57FBC7E262}.Debug|Any CPU.Build.0 = Debug|Any CPU
		{EBAE02E0-B573-4AB0-BC8D-7E57FBC7E262}.Release|Any CPU.ActiveCfg = Release|Any CPU
		{EBAE02E0-B573-4AB0-BC8D-7E57FBC7E262}.Release|Any CPU.Build.0 = Release|Any CPU
		{BA8958BF-8E84-4FB2-8CE3-6B6BF6585D2C}.Debug|Any CPU.ActiveCfg = Debug|Any CPU
		{BA8958BF-8E84-4FB2-8CE3-6B6BF6585D2C}.Debug|Any CPU.Build.0 = Debug|Any CPU
		{BA8958BF-8E84-4FB2-8CE3-6B6BF6585D2C}.Release|Any CPU.ActiveCfg = Release|Any CPU
		{BA8958BF-8E84-4FB2-8CE3-6B6BF6585D2C}.Release|Any CPU.Build.0 = Release|Any CPU
		{5054BA57-57CC-40B2-9B74-F26E39C09F38}.Debug|Any CPU.ActiveCfg = Debug|Any CPU
		{5054BA57-57CC-40B2-9B74-F26E39C09F38}.Debug|Any CPU.Build.0 = Debug|Any CPU
		{5054BA57-57CC-40B2-9B74-F26E39C09F38}.Release|Any CPU.ActiveCfg = Release|Any CPU
		{5054BA57-57CC-40B2-9B74-F26E39C09F38}.Release|Any CPU.Build.0 = Release|Any CPU
		{F289680C-884A-41E8-AF06-9DBF3C993C2F}.Debug|Any CPU.ActiveCfg = Debug|Any CPU
		{F289680C-884A-41E8-AF06-9DBF3C993C2F}.Debug|Any CPU.Build.0 = Debug|Any CPU
		{F289680C-884A-41E8-AF06-9DBF3C993C2F}.Release|Any CPU.ActiveCfg = Release|Any CPU
		{F289680C-884A-41E8-AF06-9DBF3C993C2F}.Release|Any CPU.Build.0 = Release|Any CPU
		{1B9B4003-5A2E-423B-A532-F008E27FE93C}.Debug|Any CPU.ActiveCfg = Debug|Any CPU
		{1B9B4003-5A2E-423B-A532-F008E27FE93C}.Debug|Any CPU.Build.0 = Debug|Any CPU
		{1B9B4003-5A2E-423B-A532-F008E27FE93C}.Release|Any CPU.ActiveCfg = Release|Any CPU
		{1B9B4003-5A2E-423B-A532-F008E27FE93C}.Release|Any CPU.Build.0 = Release|Any CPU
		{193DF0F3-4DAD-41D7-BAF8-44C694AEDC8D}.Debug|Any CPU.ActiveCfg = Debug|Any CPU
		{193DF0F3-4DAD-41D7-BAF8-44C694AEDC8D}.Debug|Any CPU.Build.0 = Debug|Any CPU
		{193DF0F3-4DAD-41D7-BAF8-44C694AEDC8D}.Release|Any CPU.ActiveCfg = Release|Any CPU
		{193DF0F3-4DAD-41D7-BAF8-44C694AEDC8D}.Release|Any CPU.Build.0 = Release|Any CPU
		{F3DD48C0-3CCB-41A9-BBB4-3AE73DEA5742}.Debug|Any CPU.ActiveCfg = Debug|Any CPU
		{F3DD48C0-3CCB-41A9-BBB4-3AE73DEA5742}.Debug|Any CPU.Build.0 = Debug|Any CPU
		{F3DD48C0-3CCB-41A9-BBB4-3AE73DEA5742}.Release|Any CPU.ActiveCfg = Release|Any CPU
		{F3DD48C0-3CCB-41A9-BBB4-3AE73DEA5742}.Release|Any CPU.Build.0 = Release|Any CPU
		{BA07D1E4-B228-456B-874B-E9B3F5980F6F}.Debug|Any CPU.ActiveCfg = Debug|Any CPU
		{BA07D1E4-B228-456B-874B-E9B3F5980F6F}.Debug|Any CPU.Build.0 = Debug|Any CPU
		{BA07D1E4-B228-456B-874B-E9B3F5980F6F}.Release|Any CPU.ActiveCfg = Release|Any CPU
		{BA07D1E4-B228-456B-874B-E9B3F5980F6F}.Release|Any CPU.Build.0 = Release|Any CPU
		{97A4A867-A1E7-4DF0-A38A-881021563487}.Debug|Any CPU.ActiveCfg = Debug|Any CPU
		{97A4A867-A1E7-4DF0-A38A-881021563487}.Debug|Any CPU.Build.0 = Debug|Any CPU
		{97A4A867-A1E7-4DF0-A38A-881021563487}.Release|Any CPU.ActiveCfg = Release|Any CPU
		{97A4A867-A1E7-4DF0-A38A-881021563487}.Release|Any CPU.Build.0 = Release|Any CPU
		{E4E499B9-5635-4545-BEE9-64A3D78B531E}.Debug|Any CPU.ActiveCfg = Debug|Any CPU
		{E4E499B9-5635-4545-BEE9-64A3D78B531E}.Debug|Any CPU.Build.0 = Debug|Any CPU
		{E4E499B9-5635-4545-BEE9-64A3D78B531E}.Release|Any CPU.ActiveCfg = Release|Any CPU
		{E4E499B9-5635-4545-BEE9-64A3D78B531E}.Release|Any CPU.Build.0 = Release|Any CPU
		{FFADD7E9-CA76-4613-9B9B-ADBB0970810B}.Debug|Any CPU.ActiveCfg = Debug|Any CPU
		{FFADD7E9-CA76-4613-9B9B-ADBB0970810B}.Debug|Any CPU.Build.0 = Debug|Any CPU
		{FFADD7E9-CA76-4613-9B9B-ADBB0970810B}.Release|Any CPU.ActiveCfg = Release|Any CPU
		{FFADD7E9-CA76-4613-9B9B-ADBB0970810B}.Release|Any CPU.Build.0 = Release|Any CPU
		{7EB3A6AC-C6DA-44E8-9B10-56984DF8D053}.Debug|Any CPU.ActiveCfg = Debug|Any CPU
		{7EB3A6AC-C6DA-44E8-9B10-56984DF8D053}.Debug|Any CPU.Build.0 = Debug|Any CPU
		{7EB3A6AC-C6DA-44E8-9B10-56984DF8D053}.Release|Any CPU.ActiveCfg = Release|Any CPU
		{7EB3A6AC-C6DA-44E8-9B10-56984DF8D053}.Release|Any CPU.Build.0 = Release|Any CPU
		{B651836C-CE8B-4C55-A4C1-991F79CDE3C8}.Debug|Any CPU.ActiveCfg = Debug|Any CPU
		{B651836C-CE8B-4C55-A4C1-991F79CDE3C8}.Debug|Any CPU.Build.0 = Debug|Any CPU
		{B651836C-CE8B-4C55-A4C1-991F79CDE3C8}.Release|Any CPU.ActiveCfg = Release|Any CPU
		{B651836C-CE8B-4C55-A4C1-991F79CDE3C8}.Release|Any CPU.Build.0 = Release|Any CPU
		{B118AC4E-DE08-4FA4-87BD-2939F654705A}.Debug|Any CPU.ActiveCfg = Debug|Any CPU
		{B118AC4E-DE08-4FA4-87BD-2939F654705A}.Debug|Any CPU.Build.0 = Debug|Any CPU
		{B118AC4E-DE08-4FA4-87BD-2939F654705A}.Release|Any CPU.ActiveCfg = Release|Any CPU
		{B118AC4E-DE08-4FA4-87BD-2939F654705A}.Release|Any CPU.Build.0 = Release|Any CPU
		{C7FBC2F6-FA98-4ADD-A0BE-89AE78630025}.Debug|Any CPU.ActiveCfg = Debug|Any CPU
		{C7FBC2F6-FA98-4ADD-A0BE-89AE78630025}.Debug|Any CPU.Build.0 = Debug|Any CPU
		{C7FBC2F6-FA98-4ADD-A0BE-89AE78630025}.Release|Any CPU.ActiveCfg = Release|Any CPU
		{C7FBC2F6-FA98-4ADD-A0BE-89AE78630025}.Release|Any CPU.Build.0 = Release|Any CPU
		{84473AFC-4DB3-4523-8DCE-A7353747D992}.Debug|Any CPU.ActiveCfg = Debug|Any CPU
		{84473AFC-4DB3-4523-8DCE-A7353747D992}.Debug|Any CPU.Build.0 = Debug|Any CPU
		{84473AFC-4DB3-4523-8DCE-A7353747D992}.Release|Any CPU.ActiveCfg = Release|Any CPU
		{84473AFC-4DB3-4523-8DCE-A7353747D992}.Release|Any CPU.Build.0 = Release|Any CPU
		{15A65AB3-6EDC-405C-A331-280231EE8AFA}.Debug|Any CPU.ActiveCfg = Debug|Any CPU
		{15A65AB3-6EDC-405C-A331-280231EE8AFA}.Debug|Any CPU.Build.0 = Debug|Any CPU
		{15A65AB3-6EDC-405C-A331-280231EE8AFA}.Release|Any CPU.ActiveCfg = Release|Any CPU
		{15A65AB3-6EDC-405C-A331-280231EE8AFA}.Release|Any CPU.Build.0 = Release|Any CPU
		{D7BAEC12-D7A2-4C5A-85C4-BB686FC81473}.Debug|Any CPU.ActiveCfg = Debug|Any CPU
		{D7BAEC12-D7A2-4C5A-85C4-BB686FC81473}.Debug|Any CPU.Build.0 = Debug|Any CPU
		{D7BAEC12-D7A2-4C5A-85C4-BB686FC81473}.Release|Any CPU.ActiveCfg = Release|Any CPU
		{D7BAEC12-D7A2-4C5A-85C4-BB686FC81473}.Release|Any CPU.Build.0 = Release|Any CPU
		{1833F36B-C2E8-40D3-BB44-FC404E145CAD}.Debug|Any CPU.ActiveCfg = Debug|Any CPU
		{1833F36B-C2E8-40D3-BB44-FC404E145CAD}.Debug|Any CPU.Build.0 = Debug|Any CPU
		{1833F36B-C2E8-40D3-BB44-FC404E145CAD}.Release|Any CPU.ActiveCfg = Release|Any CPU
		{1833F36B-C2E8-40D3-BB44-FC404E145CAD}.Release|Any CPU.Build.0 = Release|Any CPU
		{A765A9C6-D3D8-422E-A842-73F84617E316}.Debug|Any CPU.ActiveCfg = Debug|Any CPU
		{A765A9C6-D3D8-422E-A842-73F84617E316}.Debug|Any CPU.Build.0 = Debug|Any CPU
		{A765A9C6-D3D8-422E-A842-73F84617E316}.Release|Any CPU.ActiveCfg = Release|Any CPU
		{A765A9C6-D3D8-422E-A842-73F84617E316}.Release|Any CPU.Build.0 = Release|Any CPU
		{C9DF3D34-4BF6-4BA5-B5EF-6D5FE4FBDC5F}.Debug|Any CPU.ActiveCfg = Debug|Any CPU
		{C9DF3D34-4BF6-4BA5-B5EF-6D5FE4FBDC5F}.Debug|Any CPU.Build.0 = Debug|Any CPU
		{C9DF3D34-4BF6-4BA5-B5EF-6D5FE4FBDC5F}.Release|Any CPU.ActiveCfg = Release|Any CPU
		{C9DF3D34-4BF6-4BA5-B5EF-6D5FE4FBDC5F}.Release|Any CPU.Build.0 = Release|Any CPU
		{CE308C5A-A943-4905-96FA-C14444FF504A}.Debug|Any CPU.ActiveCfg = Debug|Any CPU
		{CE308C5A-A943-4905-96FA-C14444FF504A}.Debug|Any CPU.Build.0 = Debug|Any CPU
		{CE308C5A-A943-4905-96FA-C14444FF504A}.Release|Any CPU.ActiveCfg = Release|Any CPU
		{CE308C5A-A943-4905-96FA-C14444FF504A}.Release|Any CPU.Build.0 = Release|Any CPU
		{9A3DED3D-5409-4F6E-84CC-618F4082E565}.Debug|Any CPU.ActiveCfg = Debug|Any CPU
		{9A3DED3D-5409-4F6E-84CC-618F4082E565}.Debug|Any CPU.Build.0 = Debug|Any CPU
		{9A3DED3D-5409-4F6E-84CC-618F4082E565}.Release|Any CPU.ActiveCfg = Release|Any CPU
		{9A3DED3D-5409-4F6E-84CC-618F4082E565}.Release|Any CPU.Build.0 = Release|Any CPU
		{C8B235FD-E94F-4AB3-BA62-E37B4B3BFDAE}.Debug|Any CPU.ActiveCfg = Debug|Any CPU
		{C8B235FD-E94F-4AB3-BA62-E37B4B3BFDAE}.Debug|Any CPU.Build.0 = Debug|Any CPU
		{C8B235FD-E94F-4AB3-BA62-E37B4B3BFDAE}.Release|Any CPU.ActiveCfg = Release|Any CPU
		{C8B235FD-E94F-4AB3-BA62-E37B4B3BFDAE}.Release|Any CPU.Build.0 = Release|Any CPU
		{919CA51F-1B52-4954-8141-7EBFD67A0158}.Debug|Any CPU.ActiveCfg = Debug|Any CPU
		{919CA51F-1B52-4954-8141-7EBFD67A0158}.Debug|Any CPU.Build.0 = Debug|Any CPU
		{919CA51F-1B52-4954-8141-7EBFD67A0158}.Release|Any CPU.ActiveCfg = Release|Any CPU
		{919CA51F-1B52-4954-8141-7EBFD67A0158}.Release|Any CPU.Build.0 = Release|Any CPU
		{1606C82C-6F94-40FB-B91C-6BBA413E9B60}.Debug|Any CPU.ActiveCfg = Debug|Any CPU
		{1606C82C-6F94-40FB-B91C-6BBA413E9B60}.Debug|Any CPU.Build.0 = Debug|Any CPU
		{1606C82C-6F94-40FB-B91C-6BBA413E9B60}.Release|Any CPU.ActiveCfg = Release|Any CPU
		{1606C82C-6F94-40FB-B91C-6BBA413E9B60}.Release|Any CPU.Build.0 = Release|Any CPU
		{A05D69B5-62BA-4C5E-938B-CF06F8711D7B}.Debug|Any CPU.ActiveCfg = Debug|Any CPU
		{A05D69B5-62BA-4C5E-938B-CF06F8711D7B}.Debug|Any CPU.Build.0 = Debug|Any CPU
		{A05D69B5-62BA-4C5E-938B-CF06F8711D7B}.Release|Any CPU.ActiveCfg = Release|Any CPU
		{A05D69B5-62BA-4C5E-938B-CF06F8711D7B}.Release|Any CPU.Build.0 = Release|Any CPU
		{37E1BF7A-372C-44B2-BE97-108BA39588E4}.Debug|Any CPU.ActiveCfg = Debug|Any CPU
		{37E1BF7A-372C-44B2-BE97-108BA39588E4}.Debug|Any CPU.Build.0 = Debug|Any CPU
		{37E1BF7A-372C-44B2-BE97-108BA39588E4}.Release|Any CPU.ActiveCfg = Release|Any CPU
		{37E1BF7A-372C-44B2-BE97-108BA39588E4}.Release|Any CPU.Build.0 = Release|Any CPU
	EndGlobalSection
	GlobalSection(SolutionProperties) = preSolution
		HideSolutionNode = FALSE
	EndGlobalSection
	GlobalSection(NestedProjects) = preSolution
		{8549CED5-4635-4388-A5A4-364C205D1763} = {038DBF86-956D-4CB6-988B-4432B2DFAC95}
		{085C6AE9-DDBA-498F-BD0C-4A6AEAE4C2A1} = {038DBF86-956D-4CB6-988B-4432B2DFAC95}
		{6D54AF1D-DAF1-4B32-99A5-08ED2BA766B1} = {038DBF86-956D-4CB6-988B-4432B2DFAC95}
		{ECA24288-8FDA-4C43-BE62-F4A52E43E312} = {038DBF86-956D-4CB6-988B-4432B2DFAC95}
		{CC8EEBD0-8CA7-4D67-911A-35B6E0BD88E4} = {038DBF86-956D-4CB6-988B-4432B2DFAC95}
		{FF867126-058B-4121-BD1B-C8CEDB5E41C2} = {038DBF86-956D-4CB6-988B-4432B2DFAC95}
		{72B44174-09B0-4AD7-A925-7BA06F1E4AE9} = {038DBF86-956D-4CB6-988B-4432B2DFAC95}
		{EAEE6F47-860E-48D6-8DF1-1A500D481C15} = {038DBF86-956D-4CB6-988B-4432B2DFAC95}
		{34A70AC5-CEB2-46BC-B0B3-B732A421C541} = {038DBF86-956D-4CB6-988B-4432B2DFAC95}
		{7291EFF6-E018-44E0-B92F-3A17FCF047EA} = {038DBF86-956D-4CB6-988B-4432B2DFAC95}
		{927A897A-B182-4875-808D-867336DFEB23} = {038DBF86-956D-4CB6-988B-4432B2DFAC95}
		{E8E2CCD4-5C47-4A85-87A2-D0EF01E30C93} = {038DBF86-956D-4CB6-988B-4432B2DFAC95}
		{4CAECB48-582B-4A3C-BB9B-0E224FAAA28D} = {038DBF86-956D-4CB6-988B-4432B2DFAC95}
		{73716BC8-569C-4952-8005-318B711DF4F5} = {038DBF86-956D-4CB6-988B-4432B2DFAC95}
		{74406B3A-3D15-4530-9B9B-BBB57AFD6E5C} = {038DBF86-956D-4CB6-988B-4432B2DFAC95}
		{7B4B0F3E-EE21-45AC-925B-DB0F897A56FB} = {038DBF86-956D-4CB6-988B-4432B2DFAC95}
		{16EE07CF-5590-4CA1-911F-F9E14B9B6646} = {038DBF86-956D-4CB6-988B-4432B2DFAC95}
		{D53629FE-E6A8-4FB3-B141-06EF042697E3} = {038DBF86-956D-4CB6-988B-4432B2DFAC95}
		{D312F531-E5BB-4471-9AD5-0A26321C7910} = {038DBF86-956D-4CB6-988B-4432B2DFAC95}
		{C5E7C6C1-ECD3-4903-ABFE-8A03A1DFC193} = {038DBF86-956D-4CB6-988B-4432B2DFAC95}
		{DA51E743-2AD3-4362-B645-FD111BD7E15F} = {038DBF86-956D-4CB6-988B-4432B2DFAC95}
		{8B328887-7D5C-4E14-A90C-D15ADCB604C8} = {038DBF86-956D-4CB6-988B-4432B2DFAC95}
		{9D178255-B7F2-4377-B2F9-36E0330902B8} = {038DBF86-956D-4CB6-988B-4432B2DFAC95}
		{9763D359-171F-435C-94BE-DE808A5C7F9F} = {038DBF86-956D-4CB6-988B-4432B2DFAC95}
		{A5643829-5E8B-4BAB-BD8D-F04FAE8B95F3} = {038DBF86-956D-4CB6-988B-4432B2DFAC95}
		{3DC32FD8-A33B-4657-99F4-7BCD8377AFAD} = {038DBF86-956D-4CB6-988B-4432B2DFAC95}
		{B528C863-B495-49F4-A028-AFD848DC109D} = {038DBF86-956D-4CB6-988B-4432B2DFAC95}
		{778CF8F7-39FD-4580-8A6C-8152FBE67800} = {038DBF86-956D-4CB6-988B-4432B2DFAC95}
		{66D4E217-CD8C-4DC0-97CE-23736EE9166E} = {038DBF86-956D-4CB6-988B-4432B2DFAC95}
		{80204BA8-1E96-4F2D-9C83-EE0BEAE814AB} = {038DBF86-956D-4CB6-988B-4432B2DFAC95}
		{A03D25EB-3EB3-43B9-8654-32F5E75E31E9} = {038DBF86-956D-4CB6-988B-4432B2DFAC95}
		{5C0D6435-5D17-42C2-B856-1BEC6793823D} = {038DBF86-956D-4CB6-988B-4432B2DFAC95}
		{42DBED9D-7776-495E-84E3-5171F81D5A50} = {038DBF86-956D-4CB6-988B-4432B2DFAC95}
		{94B055FC-6509-4089-BCD6-D373B082D4D2} = {038DBF86-956D-4CB6-988B-4432B2DFAC95}
		{AED5F63F-192C-47D8-A7A0-7AE7EE47B2E1} = {038DBF86-956D-4CB6-988B-4432B2DFAC95}
		{EBAE02E0-B573-4AB0-BC8D-7E57FBC7E262} = {038DBF86-956D-4CB6-988B-4432B2DFAC95}
		{BA8958BF-8E84-4FB2-8CE3-6B6BF6585D2C} = {038DBF86-956D-4CB6-988B-4432B2DFAC95}
		{5054BA57-57CC-40B2-9B74-F26E39C09F38} = {038DBF86-956D-4CB6-988B-4432B2DFAC95}
		{F289680C-884A-41E8-AF06-9DBF3C993C2F} = {038DBF86-956D-4CB6-988B-4432B2DFAC95}
		{1B9B4003-5A2E-423B-A532-F008E27FE93C} = {038DBF86-956D-4CB6-988B-4432B2DFAC95}
		{193DF0F3-4DAD-41D7-BAF8-44C694AEDC8D} = {038DBF86-956D-4CB6-988B-4432B2DFAC95}
		{F3DD48C0-3CCB-41A9-BBB4-3AE73DEA5742} = {038DBF86-956D-4CB6-988B-4432B2DFAC95}
		{BA07D1E4-B228-456B-874B-E9B3F5980F6F} = {038DBF86-956D-4CB6-988B-4432B2DFAC95}
		{97A4A867-A1E7-4DF0-A38A-881021563487} = {038DBF86-956D-4CB6-988B-4432B2DFAC95}
		{E4E499B9-5635-4545-BEE9-64A3D78B531E} = {038DBF86-956D-4CB6-988B-4432B2DFAC95}
		{FFADD7E9-CA76-4613-9B9B-ADBB0970810B} = {038DBF86-956D-4CB6-988B-4432B2DFAC95}
		{7EB3A6AC-C6DA-44E8-9B10-56984DF8D053} = {038DBF86-956D-4CB6-988B-4432B2DFAC95}
		{B651836C-CE8B-4C55-A4C1-991F79CDE3C8} = {038DBF86-956D-4CB6-988B-4432B2DFAC95}
		{B118AC4E-DE08-4FA4-87BD-2939F654705A} = {038DBF86-956D-4CB6-988B-4432B2DFAC95}
		{C7FBC2F6-FA98-4ADD-A0BE-89AE78630025} = {038DBF86-956D-4CB6-988B-4432B2DFAC95}
		{84473AFC-4DB3-4523-8DCE-A7353747D992} = {038DBF86-956D-4CB6-988B-4432B2DFAC95}
		{15A65AB3-6EDC-405C-A331-280231EE8AFA} = {038DBF86-956D-4CB6-988B-4432B2DFAC95}
		{D7BAEC12-D7A2-4C5A-85C4-BB686FC81473} = {038DBF86-956D-4CB6-988B-4432B2DFAC95}
		{1833F36B-C2E8-40D3-BB44-FC404E145CAD} = {038DBF86-956D-4CB6-988B-4432B2DFAC95}
		{A765A9C6-D3D8-422E-A842-73F84617E316} = {038DBF86-956D-4CB6-988B-4432B2DFAC95}
		{C9DF3D34-4BF6-4BA5-B5EF-6D5FE4FBDC5F} = {038DBF86-956D-4CB6-988B-4432B2DFAC95}
		{CE308C5A-A943-4905-96FA-C14444FF504A} = {038DBF86-956D-4CB6-988B-4432B2DFAC95}
		{9A3DED3D-5409-4F6E-84CC-618F4082E565} = {038DBF86-956D-4CB6-988B-4432B2DFAC95}
		{C8B235FD-E94F-4AB3-BA62-E37B4B3BFDAE} = {038DBF86-956D-4CB6-988B-4432B2DFAC95}
		{919CA51F-1B52-4954-8141-7EBFD67A0158} = {038DBF86-956D-4CB6-988B-4432B2DFAC95}
	EndGlobalSection
	GlobalSection(ExtensibilityGlobals) = postSolution
		SolutionGuid = {71D4D1C5-07B6-427A-9354-DA2A168015DB}
	EndGlobalSection
EndGlobal
