
Microsoft Visual Studio Solution File, Format Version 12.00
# Visual Studio Version 17
VisualStudioVersion = 17.2.32630.192
MinimumVisualStudioVersion = 10.0.40219.1
Project("{9A19103F-16F7-4668-BE54-9A1E7A4F7556}") = "R5T.Z0063", "R5T.Z0063\R5T.Z0063.csproj", "{9EC906D0-EDA3-41E4-A3F4-A467F170B5E5}"
EndProject
Project("{9A19103F-16F7-4668-BE54-9A1E7A4F7556}") = "R5T.Z0063.Platform", "R5T.Z0063.Platform\R5T.Z0063.Platform.csproj", "{CDD00302-E2CB-44C5-98C6-18E6385882A9}"
EndProject
Project("{2150E333-8FDC-42A3-9474-1A3956D46DE8}") = "_Dependencies", "_Dependencies", "{383E363A-4D28-4397-BFDA-6CE666FC6FAD}"
EndProject
Project("{9A19103F-16F7-4668-BE54-9A1E7A4F7556}") = "R5T.F0000", "..\..\R5T.F0000\source\R5T.F0000\R5T.F0000.csproj", "{9A8BF3D8-DFB0-4A27-851C-2E937EED4128}"
EndProject
Project("{9A19103F-16F7-4668-BE54-9A1E7A4F7556}") = "R5T.F0002", "..\..\R5T.F0002\source\R5T.F0002\R5T.F0002.csproj", "{A71E8F8A-EEA3-43DA-B1ED-76C63CCC8DAB}"
EndProject
Project("{9A19103F-16F7-4668-BE54-9A1E7A4F7556}") = "R5T.F0120", "..\..\R5T.F0120\source\R5T.F0120\R5T.F0120.csproj", "{D010E146-2D24-4C53-8976-A7AF09EDDE16}"
EndProject
Project("{9A19103F-16F7-4668-BE54-9A1E7A4F7556}") = "R5T.F0124", "..\..\R5T.F0124\source\R5T.F0124\R5T.F0124.csproj", "{A7287C45-E381-4DFD-90F4-7E7E279BA657}"
EndProject
Project("{9A19103F-16F7-4668-BE54-9A1E7A4F7556}") = "R5T.F0125", "..\..\R5T.F0125\source\R5T.F0125\R5T.F0125.csproj", "{61638900-1385-4010-8E22-B785663E148F}"
EndProject
Project("{9A19103F-16F7-4668-BE54-9A1E7A4F7556}") = "R5T.L0030.T000", "..\..\R5T.L0030\source\R5T.L0030.T000\R5T.L0030.T000.csproj", "{C8CF95EB-386C-4591-BEE0-34A80028DB87}"
EndProject
Project("{9A19103F-16F7-4668-BE54-9A1E7A4F7556}") = "R5T.L0030", "..\..\R5T.L0030\source\R5T.L0030\R5T.L0030.csproj", "{B3DD40A5-CFB4-4EEF-8CB6-F56BC40BDBA0}"
EndProject
Project("{9A19103F-16F7-4668-BE54-9A1E7A4F7556}") = "R5T.L0034", "..\..\R5T.L0034\source\R5T.L0034\R5T.L0034.csproj", "{BC79FE9C-F46C-4735-8512-020993820316}"
EndProject
Project("{9A19103F-16F7-4668-BE54-9A1E7A4F7556}") = "R5T.L0035", "..\..\R5T.L0035\source\R5T.L0035\R5T.L0035.csproj", "{1C3356D4-03B8-4C0D-BAE7-7BEE24F01AF4}"
EndProject
Project("{9A19103F-16F7-4668-BE54-9A1E7A4F7556}") = "R5T.L0053", "..\..\R5T.L0053\source\R5T.L0053\R5T.L0053.csproj", "{835970A6-6645-4751-8339-ED03C9B27B5E}"
EndProject
Project("{9A19103F-16F7-4668-BE54-9A1E7A4F7556}") = "R5T.NG0022", "..\..\R5T.NG0022\source\R5T.NG0022\R5T.NG0022.csproj", "{83E1B63E-3679-4352-9BFC-11B986A65510}"
EndProject
Project("{9A19103F-16F7-4668-BE54-9A1E7A4F7556}") = "R5T.T0131", "..\..\R5T.T0131\source\R5T.T0131\R5T.T0131.csproj", "{7FAB1512-974A-4BF5-84E4-199FA3655B02}"
EndProject
Project("{9A19103F-16F7-4668-BE54-9A1E7A4F7556}") = "R5T.T0132", "..\..\R5T.T0132\source\R5T.T0132\R5T.T0132.csproj", "{319C8AF7-66DD-4EA7-B69D-5403F6AE232E}"
EndProject
Project("{9A19103F-16F7-4668-BE54-9A1E7A4F7556}") = "R5T.T0142", "..\..\R5T.T0142\source\R5T.T0142\R5T.T0142.csproj", "{F0DFDDDF-17EE-4A0E-B92B-87342A77CDD0}"
EndProject
Project("{9A19103F-16F7-4668-BE54-9A1E7A4F7556}") = "R5T.T0143", "..\..\R5T.T0143\source\R5T.T0143\R5T.T0143.csproj", "{054435AF-ADAA-4F9D-AC8C-C36268A7393B}"
EndProject
Project("{9A19103F-16F7-4668-BE54-9A1E7A4F7556}") = "R5T.T0156", "..\..\R5T.T0156\source\R5T.T0156\R5T.T0156.csproj", "{EFF3D989-DCD5-427D-B9F6-57B1DBB28FF3}"
EndProject
Project("{9A19103F-16F7-4668-BE54-9A1E7A4F7556}") = "R5T.T0174", "..\..\R5T.T0174\source\R5T.T0174\R5T.T0174.csproj", "{A0F08E7B-B435-48B9-83F9-A82DB91097EC}"
EndProject
Project("{9A19103F-16F7-4668-BE54-9A1E7A4F7556}") = "R5T.T0176", "..\..\R5T.T0176\source\R5T.T0176\R5T.T0176.csproj", "{DFF2DD97-8E83-4363-BD74-9FBA18100A20}"
EndProject
Project("{9A19103F-16F7-4668-BE54-9A1E7A4F7556}") = "R5T.T0177", "..\..\R5T.T0177\source\R5T.T0177\R5T.T0177.csproj", "{EB3A1C8E-1F60-4902-9B74-813550455ED0}"
EndProject
Project("{9A19103F-16F7-4668-BE54-9A1E7A4F7556}") = "R5T.T0178", "..\..\R5T.T0178\source\R5T.T0178\R5T.T0178.csproj", "{6D5F791D-8F66-4C07-99F0-938159C4FB24}"
EndProject
Project("{9A19103F-16F7-4668-BE54-9A1E7A4F7556}") = "R5T.T0179", "..\..\R5T.T0179\source\R5T.T0179\R5T.T0179.csproj", "{668132CC-C741-45A5-9B4E-D73A90F67DDB}"
EndProject
Project("{9A19103F-16F7-4668-BE54-9A1E7A4F7556}") = "R5T.T0180", "..\..\R5T.T0180\source\R5T.T0180\R5T.T0180.csproj", "{07BC777E-71CB-4371-BA12-0BF7C17C8A7B}"
EndProject
Project("{9A19103F-16F7-4668-BE54-9A1E7A4F7556}") = "R5T.T0181", "..\..\R5T.T0181\source\R5T.T0181\R5T.T0181.csproj", "{1DBD101B-F972-477E-90C5-19730A33C5C6}"
EndProject
Project("{9A19103F-16F7-4668-BE54-9A1E7A4F7556}") = "R5T.T0185", "..\..\R5T.T0185\source\R5T.T0185\R5T.T0185.csproj", "{AD05E2BA-90A8-41EC-AF6D-4F5B91DD82B0}"
EndProject
Project("{9A19103F-16F7-4668-BE54-9A1E7A4F7556}") = "R5T.T0199", "..\..\R5T.T0199\source\R5T.T0199\R5T.T0199.csproj", "{C5241B2F-3561-413E-81E7-8C7E643FEE75}"
EndProject
Project("{9A19103F-16F7-4668-BE54-9A1E7A4F7556}") = "R5T.T0203", "..\..\R5T.T0203\source\R5T.T0203\R5T.T0203.csproj", "{6940F6B5-7317-4765-9CB1-34275B74B230}"
EndProject
Project("{9A19103F-16F7-4668-BE54-9A1E7A4F7556}") = "R5T.T0220", "..\..\R5T.T0220\source\R5T.T0220\R5T.T0220.csproj", "{CFFC0534-6590-4F02-952B-D18EF0D5A27E}"
EndProject
Project("{9A19103F-16F7-4668-BE54-9A1E7A4F7556}") = "R5T.T0221", "..\..\R5T.T0221\source\R5T.T0221\R5T.T0221.csproj", "{3C501B31-1946-441C-9669-CAC7F1BDDC9D}"
EndProject
Project("{9A19103F-16F7-4668-BE54-9A1E7A4F7556}") = "R5T.Y0000", "..\..\R5T.Y0000\source\R5T.Y0000\R5T.Y0000.csproj", "{5E37EBA9-3676-4959-9E7A-A53D9FC886D4}"
EndProject
Project("{9A19103F-16F7-4668-BE54-9A1E7A4F7556}") = "R5T.Z0000", "..\..\R5T.Z0000\source\R5T.Z0000\R5T.Z0000.csproj", "{94D4667E-57BC-42D6-A72A-0AE05B6A5A3B}"
EndProject
Global
	GlobalSection(NestedProjects) = preSolution
		{9A8BF3D8-DFB0-4A27-851C-2E937EED4128} = {383E363A-4D28-4397-BFDA-6CE666FC6FAD}
		{A71E8F8A-EEA3-43DA-B1ED-76C63CCC8DAB} = {383E363A-4D28-4397-BFDA-6CE666FC6FAD}
		{D010E146-2D24-4C53-8976-A7AF09EDDE16} = {383E363A-4D28-4397-BFDA-6CE666FC6FAD}
		{A7287C45-E381-4DFD-90F4-7E7E279BA657} = {383E363A-4D28-4397-BFDA-6CE666FC6FAD}
		{61638900-1385-4010-8E22-B785663E148F} = {383E363A-4D28-4397-BFDA-6CE666FC6FAD}
		{C8CF95EB-386C-4591-BEE0-34A80028DB87} = {383E363A-4D28-4397-BFDA-6CE666FC6FAD}
		{B3DD40A5-CFB4-4EEF-8CB6-F56BC40BDBA0} = {383E363A-4D28-4397-BFDA-6CE666FC6FAD}
		{BC79FE9C-F46C-4735-8512-020993820316} = {383E363A-4D28-4397-BFDA-6CE666FC6FAD}
		{1C3356D4-03B8-4C0D-BAE7-7BEE24F01AF4} = {383E363A-4D28-4397-BFDA-6CE666FC6FAD}
		{835970A6-6645-4751-8339-ED03C9B27B5E} = {383E363A-4D28-4397-BFDA-6CE666FC6FAD}
		{83E1B63E-3679-4352-9BFC-11B986A65510} = {383E363A-4D28-4397-BFDA-6CE666FC6FAD}
		{7FAB1512-974A-4BF5-84E4-199FA3655B02} = {383E363A-4D28-4397-BFDA-6CE666FC6FAD}
		{319C8AF7-66DD-4EA7-B69D-5403F6AE232E} = {383E363A-4D28-4397-BFDA-6CE666FC6FAD}
		{F0DFDDDF-17EE-4A0E-B92B-87342A77CDD0} = {383E363A-4D28-4397-BFDA-6CE666FC6FAD}
		{054435AF-ADAA-4F9D-AC8C-C36268A7393B} = {383E363A-4D28-4397-BFDA-6CE666FC6FAD}
		{EFF3D989-DCD5-427D-B9F6-57B1DBB28FF3} = {383E363A-4D28-4397-BFDA-6CE666FC6FAD}
		{A0F08E7B-B435-48B9-83F9-A82DB91097EC} = {383E363A-4D28-4397-BFDA-6CE666FC6FAD}
		{DFF2DD97-8E83-4363-BD74-9FBA18100A20} = {383E363A-4D28-4397-BFDA-6CE666FC6FAD}
		{EB3A1C8E-1F60-4902-9B74-813550455ED0} = {383E363A-4D28-4397-BFDA-6CE666FC6FAD}
		{6D5F791D-8F66-4C07-99F0-938159C4FB24} = {383E363A-4D28-4397-BFDA-6CE666FC6FAD}
		{668132CC-C741-45A5-9B4E-D73A90F67DDB} = {383E363A-4D28-4397-BFDA-6CE666FC6FAD}
		{07BC777E-71CB-4371-BA12-0BF7C17C8A7B} = {383E363A-4D28-4397-BFDA-6CE666FC6FAD}
		{1DBD101B-F972-477E-90C5-19730A33C5C6} = {383E363A-4D28-4397-BFDA-6CE666FC6FAD}
		{AD05E2BA-90A8-41EC-AF6D-4F5B91DD82B0} = {383E363A-4D28-4397-BFDA-6CE666FC6FAD}
		{C5241B2F-3561-413E-81E7-8C7E643FEE75} = {383E363A-4D28-4397-BFDA-6CE666FC6FAD}
		{6940F6B5-7317-4765-9CB1-34275B74B230} = {383E363A-4D28-4397-BFDA-6CE666FC6FAD}
		{CFFC0534-6590-4F02-952B-D18EF0D5A27E} = {383E363A-4D28-4397-BFDA-6CE666FC6FAD}
		{3C501B31-1946-441C-9669-CAC7F1BDDC9D} = {383E363A-4D28-4397-BFDA-6CE666FC6FAD}
		{5E37EBA9-3676-4959-9E7A-A53D9FC886D4} = {383E363A-4D28-4397-BFDA-6CE666FC6FAD}
		{94D4667E-57BC-42D6-A72A-0AE05B6A5A3B} = {383E363A-4D28-4397-BFDA-6CE666FC6FAD}
	EndGlobalSection
	GlobalSection(SolutionConfigurationPlatforms) = preSolution
		Debug|Any CPU = Debug|Any CPU
		Release|Any CPU = Release|Any CPU
	EndGlobalSection
	GlobalSection(ProjectConfigurationPlatforms) = postSolution
		{9EC906D0-EDA3-41E4-A3F4-A467F170B5E5}.Debug|Any CPU.ActiveCfg = Debug|Any CPU
		{9EC906D0-EDA3-41E4-A3F4-A467F170B5E5}.Debug|Any CPU.Build.0 = Debug|Any CPU
		{9EC906D0-EDA3-41E4-A3F4-A467F170B5E5}.Release|Any CPU.ActiveCfg = Release|Any CPU
		{9EC906D0-EDA3-41E4-A3F4-A467F170B5E5}.Release|Any CPU.Build.0 = Release|Any CPU
		{CDD00302-E2CB-44C5-98C6-18E6385882A9}.Debug|Any CPU.ActiveCfg = Debug|Any CPU
		{CDD00302-E2CB-44C5-98C6-18E6385882A9}.Debug|Any CPU.Build.0 = Debug|Any CPU
		{CDD00302-E2CB-44C5-98C6-18E6385882A9}.Release|Any CPU.ActiveCfg = Release|Any CPU
		{CDD00302-E2CB-44C5-98C6-18E6385882A9}.Release|Any CPU.Build.0 = Release|Any CPU
		{9A8BF3D8-DFB0-4A27-851C-2E937EED4128}.Debug|Any CPU.ActiveCfg = Debug|Any CPU
		{9A8BF3D8-DFB0-4A27-851C-2E937EED4128}.Debug|Any CPU.Build.0 = Debug|Any CPU
		{9A8BF3D8-DFB0-4A27-851C-2E937EED4128}.Release|Any CPU.ActiveCfg = Release|Any CPU
		{9A8BF3D8-DFB0-4A27-851C-2E937EED4128}.Release|Any CPU.Build.0 = Release|Any CPU
		{A71E8F8A-EEA3-43DA-B1ED-76C63CCC8DAB}.Debug|Any CPU.ActiveCfg = Debug|Any CPU
		{A71E8F8A-EEA3-43DA-B1ED-76C63CCC8DAB}.Debug|Any CPU.Build.0 = Debug|Any CPU
		{A71E8F8A-EEA3-43DA-B1ED-76C63CCC8DAB}.Release|Any CPU.ActiveCfg = Release|Any CPU
		{A71E8F8A-EEA3-43DA-B1ED-76C63CCC8DAB}.Release|Any CPU.Build.0 = Release|Any CPU
		{D010E146-2D24-4C53-8976-A7AF09EDDE16}.Debug|Any CPU.ActiveCfg = Debug|Any CPU
		{D010E146-2D24-4C53-8976-A7AF09EDDE16}.Debug|Any CPU.Build.0 = Debug|Any CPU
		{D010E146-2D24-4C53-8976-A7AF09EDDE16}.Release|Any CPU.ActiveCfg = Release|Any CPU
		{D010E146-2D24-4C53-8976-A7AF09EDDE16}.Release|Any CPU.Build.0 = Release|Any CPU
		{A7287C45-E381-4DFD-90F4-7E7E279BA657}.Debug|Any CPU.ActiveCfg = Debug|Any CPU
		{A7287C45-E381-4DFD-90F4-7E7E279BA657}.Debug|Any CPU.Build.0 = Debug|Any CPU
		{A7287C45-E381-4DFD-90F4-7E7E279BA657}.Release|Any CPU.ActiveCfg = Release|Any CPU
		{A7287C45-E381-4DFD-90F4-7E7E279BA657}.Release|Any CPU.Build.0 = Release|Any CPU
		{61638900-1385-4010-8E22-B785663E148F}.Debug|Any CPU.ActiveCfg = Debug|Any CPU
		{61638900-1385-4010-8E22-B785663E148F}.Debug|Any CPU.Build.0 = Debug|Any CPU
		{61638900-1385-4010-8E22-B785663E148F}.Release|Any CPU.ActiveCfg = Release|Any CPU
		{61638900-1385-4010-8E22-B785663E148F}.Release|Any CPU.Build.0 = Release|Any CPU
		{C8CF95EB-386C-4591-BEE0-34A80028DB87}.Debug|Any CPU.ActiveCfg = Debug|Any CPU
		{C8CF95EB-386C-4591-BEE0-34A80028DB87}.Debug|Any CPU.Build.0 = Debug|Any CPU
		{C8CF95EB-386C-4591-BEE0-34A80028DB87}.Release|Any CPU.ActiveCfg = Release|Any CPU
		{C8CF95EB-386C-4591-BEE0-34A80028DB87}.Release|Any CPU.Build.0 = Release|Any CPU
		{B3DD40A5-CFB4-4EEF-8CB6-F56BC40BDBA0}.Debug|Any CPU.ActiveCfg = Debug|Any CPU
		{B3DD40A5-CFB4-4EEF-8CB6-F56BC40BDBA0}.Debug|Any CPU.Build.0 = Debug|Any CPU
		{B3DD40A5-CFB4-4EEF-8CB6-F56BC40BDBA0}.Release|Any CPU.ActiveCfg = Release|Any CPU
		{B3DD40A5-CFB4-4EEF-8CB6-F56BC40BDBA0}.Release|Any CPU.Build.0 = Release|Any CPU
		{BC79FE9C-F46C-4735-8512-020993820316}.Debug|Any CPU.ActiveCfg = Debug|Any CPU
		{BC79FE9C-F46C-4735-8512-020993820316}.Debug|Any CPU.Build.0 = Debug|Any CPU
		{BC79FE9C-F46C-4735-8512-020993820316}.Release|Any CPU.ActiveCfg = Release|Any CPU
		{BC79FE9C-F46C-4735-8512-020993820316}.Release|Any CPU.Build.0 = Release|Any CPU
		{1C3356D4-03B8-4C0D-BAE7-7BEE24F01AF4}.Debug|Any CPU.ActiveCfg = Debug|Any CPU
		{1C3356D4-03B8-4C0D-BAE7-7BEE24F01AF4}.Debug|Any CPU.Build.0 = Debug|Any CPU
		{1C3356D4-03B8-4C0D-BAE7-7BEE24F01AF4}.Release|Any CPU.ActiveCfg = Release|Any CPU
		{1C3356D4-03B8-4C0D-BAE7-7BEE24F01AF4}.Release|Any CPU.Build.0 = Release|Any CPU
		{835970A6-6645-4751-8339-ED03C9B27B5E}.Debug|Any CPU.ActiveCfg = Debug|Any CPU
		{835970A6-6645-4751-8339-ED03C9B27B5E}.Debug|Any CPU.Build.0 = Debug|Any CPU
		{835970A6-6645-4751-8339-ED03C9B27B5E}.Release|Any CPU.ActiveCfg = Release|Any CPU
		{835970A6-6645-4751-8339-ED03C9B27B5E}.Release|Any CPU.Build.0 = Release|Any CPU
		{83E1B63E-3679-4352-9BFC-11B986A65510}.Debug|Any CPU.ActiveCfg = Debug|Any CPU
		{83E1B63E-3679-4352-9BFC-11B986A65510}.Debug|Any CPU.Build.0 = Debug|Any CPU
		{83E1B63E-3679-4352-9BFC-11B986A65510}.Release|Any CPU.ActiveCfg = Release|Any CPU
		{83E1B63E-3679-4352-9BFC-11B986A65510}.Release|Any CPU.Build.0 = Release|Any CPU
		{7FAB1512-974A-4BF5-84E4-199FA3655B02}.Debug|Any CPU.ActiveCfg = Debug|Any CPU
		{7FAB1512-974A-4BF5-84E4-199FA3655B02}.Debug|Any CPU.Build.0 = Debug|Any CPU
		{7FAB1512-974A-4BF5-84E4-199FA3655B02}.Release|Any CPU.ActiveCfg = Release|Any CPU
		{7FAB1512-974A-4BF5-84E4-199FA3655B02}.Release|Any CPU.Build.0 = Release|Any CPU
		{319C8AF7-66DD-4EA7-B69D-5403F6AE232E}.Debug|Any CPU.ActiveCfg = Debug|Any CPU
		{319C8AF7-66DD-4EA7-B69D-5403F6AE232E}.Debug|Any CPU.Build.0 = Debug|Any CPU
		{319C8AF7-66DD-4EA7-B69D-5403F6AE232E}.Release|Any CPU.ActiveCfg = Release|Any CPU
		{319C8AF7-66DD-4EA7-B69D-5403F6AE232E}.Release|Any CPU.Build.0 = Release|Any CPU
		{F0DFDDDF-17EE-4A0E-B92B-87342A77CDD0}.Debug|Any CPU.ActiveCfg = Debug|Any CPU
		{F0DFDDDF-17EE-4A0E-B92B-87342A77CDD0}.Debug|Any CPU.Build.0 = Debug|Any CPU
		{F0DFDDDF-17EE-4A0E-B92B-87342A77CDD0}.Release|Any CPU.ActiveCfg = Release|Any CPU
		{F0DFDDDF-17EE-4A0E-B92B-87342A77CDD0}.Release|Any CPU.Build.0 = Release|Any CPU
		{054435AF-ADAA-4F9D-AC8C-C36268A7393B}.Debug|Any CPU.ActiveCfg = Debug|Any CPU
		{054435AF-ADAA-4F9D-AC8C-C36268A7393B}.Debug|Any CPU.Build.0 = Debug|Any CPU
		{054435AF-ADAA-4F9D-AC8C-C36268A7393B}.Release|Any CPU.ActiveCfg = Release|Any CPU
		{054435AF-ADAA-4F9D-AC8C-C36268A7393B}.Release|Any CPU.Build.0 = Release|Any CPU
		{EFF3D989-DCD5-427D-B9F6-57B1DBB28FF3}.Debug|Any CPU.ActiveCfg = Debug|Any CPU
		{EFF3D989-DCD5-427D-B9F6-57B1DBB28FF3}.Debug|Any CPU.Build.0 = Debug|Any CPU
		{EFF3D989-DCD5-427D-B9F6-57B1DBB28FF3}.Release|Any CPU.ActiveCfg = Release|Any CPU
		{EFF3D989-DCD5-427D-B9F6-57B1DBB28FF3}.Release|Any CPU.Build.0 = Release|Any CPU
		{A0F08E7B-B435-48B9-83F9-A82DB91097EC}.Debug|Any CPU.ActiveCfg = Debug|Any CPU
		{A0F08E7B-B435-48B9-83F9-A82DB91097EC}.Debug|Any CPU.Build.0 = Debug|Any CPU
		{A0F08E7B-B435-48B9-83F9-A82DB91097EC}.Release|Any CPU.ActiveCfg = Release|Any CPU
		{A0F08E7B-B435-48B9-83F9-A82DB91097EC}.Release|Any CPU.Build.0 = Release|Any CPU
		{DFF2DD97-8E83-4363-BD74-9FBA18100A20}.Debug|Any CPU.ActiveCfg = Debug|Any CPU
		{DFF2DD97-8E83-4363-BD74-9FBA18100A20}.Debug|Any CPU.Build.0 = Debug|Any CPU
		{DFF2DD97-8E83-4363-BD74-9FBA18100A20}.Release|Any CPU.ActiveCfg = Release|Any CPU
		{DFF2DD97-8E83-4363-BD74-9FBA18100A20}.Release|Any CPU.Build.0 = Release|Any CPU
		{EB3A1C8E-1F60-4902-9B74-813550455ED0}.Debug|Any CPU.ActiveCfg = Debug|Any CPU
		{EB3A1C8E-1F60-4902-9B74-813550455ED0}.Debug|Any CPU.Build.0 = Debug|Any CPU
		{EB3A1C8E-1F60-4902-9B74-813550455ED0}.Release|Any CPU.ActiveCfg = Release|Any CPU
		{EB3A1C8E-1F60-4902-9B74-813550455ED0}.Release|Any CPU.Build.0 = Release|Any CPU
		{6D5F791D-8F66-4C07-99F0-938159C4FB24}.Debug|Any CPU.ActiveCfg = Debug|Any CPU
		{6D5F791D-8F66-4C07-99F0-938159C4FB24}.Debug|Any CPU.Build.0 = Debug|Any CPU
		{6D5F791D-8F66-4C07-99F0-938159C4FB24}.Release|Any CPU.ActiveCfg = Release|Any CPU
		{6D5F791D-8F66-4C07-99F0-938159C4FB24}.Release|Any CPU.Build.0 = Release|Any CPU
		{668132CC-C741-45A5-9B4E-D73A90F67DDB}.Debug|Any CPU.ActiveCfg = Debug|Any CPU
		{668132CC-C741-45A5-9B4E-D73A90F67DDB}.Debug|Any CPU.Build.0 = Debug|Any CPU
		{668132CC-C741-45A5-9B4E-D73A90F67DDB}.Release|Any CPU.ActiveCfg = Release|Any CPU
		{668132CC-C741-45A5-9B4E-D73A90F67DDB}.Release|Any CPU.Build.0 = Release|Any CPU
		{07BC777E-71CB-4371-BA12-0BF7C17C8A7B}.Debug|Any CPU.ActiveCfg = Debug|Any CPU
		{07BC777E-71CB-4371-BA12-0BF7C17C8A7B}.Debug|Any CPU.Build.0 = Debug|Any CPU
		{07BC777E-71CB-4371-BA12-0BF7C17C8A7B}.Release|Any CPU.ActiveCfg = Release|Any CPU
		{07BC777E-71CB-4371-BA12-0BF7C17C8A7B}.Release|Any CPU.Build.0 = Release|Any CPU
		{1DBD101B-F972-477E-90C5-19730A33C5C6}.Debug|Any CPU.ActiveCfg = Debug|Any CPU
		{1DBD101B-F972-477E-90C5-19730A33C5C6}.Debug|Any CPU.Build.0 = Debug|Any CPU
		{1DBD101B-F972-477E-90C5-19730A33C5C6}.Release|Any CPU.ActiveCfg = Release|Any CPU
		{1DBD101B-F972-477E-90C5-19730A33C5C6}.Release|Any CPU.Build.0 = Release|Any CPU
		{AD05E2BA-90A8-41EC-AF6D-4F5B91DD82B0}.Debug|Any CPU.ActiveCfg = Debug|Any CPU
		{AD05E2BA-90A8-41EC-AF6D-4F5B91DD82B0}.Debug|Any CPU.Build.0 = Debug|Any CPU
		{AD05E2BA-90A8-41EC-AF6D-4F5B91DD82B0}.Release|Any CPU.ActiveCfg = Release|Any CPU
		{AD05E2BA-90A8-41EC-AF6D-4F5B91DD82B0}.Release|Any CPU.Build.0 = Release|Any CPU
		{C5241B2F-3561-413E-81E7-8C7E643FEE75}.Debug|Any CPU.ActiveCfg = Debug|Any CPU
		{C5241B2F-3561-413E-81E7-8C7E643FEE75}.Debug|Any CPU.Build.0 = Debug|Any CPU
		{C5241B2F-3561-413E-81E7-8C7E643FEE75}.Release|Any CPU.ActiveCfg = Release|Any CPU
		{C5241B2F-3561-413E-81E7-8C7E643FEE75}.Release|Any CPU.Build.0 = Release|Any CPU
		{6940F6B5-7317-4765-9CB1-34275B74B230}.Debug|Any CPU.ActiveCfg = Debug|Any CPU
		{6940F6B5-7317-4765-9CB1-34275B74B230}.Debug|Any CPU.Build.0 = Debug|Any CPU
		{6940F6B5-7317-4765-9CB1-34275B74B230}.Release|Any CPU.ActiveCfg = Release|Any CPU
		{6940F6B5-7317-4765-9CB1-34275B74B230}.Release|Any CPU.Build.0 = Release|Any CPU
		{CFFC0534-6590-4F02-952B-D18EF0D5A27E}.Debug|Any CPU.ActiveCfg = Debug|Any CPU
		{CFFC0534-6590-4F02-952B-D18EF0D5A27E}.Debug|Any CPU.Build.0 = Debug|Any CPU
		{CFFC0534-6590-4F02-952B-D18EF0D5A27E}.Release|Any CPU.ActiveCfg = Release|Any CPU
		{CFFC0534-6590-4F02-952B-D18EF0D5A27E}.Release|Any CPU.Build.0 = Release|Any CPU
		{3C501B31-1946-441C-9669-CAC7F1BDDC9D}.Debug|Any CPU.ActiveCfg = Debug|Any CPU
		{3C501B31-1946-441C-9669-CAC7F1BDDC9D}.Debug|Any CPU.Build.0 = Debug|Any CPU
		{3C501B31-1946-441C-9669-CAC7F1BDDC9D}.Release|Any CPU.ActiveCfg = Release|Any CPU
		{3C501B31-1946-441C-9669-CAC7F1BDDC9D}.Release|Any CPU.Build.0 = Release|Any CPU
		{5E37EBA9-3676-4959-9E7A-A53D9FC886D4}.Debug|Any CPU.ActiveCfg = Debug|Any CPU
		{5E37EBA9-3676-4959-9E7A-A53D9FC886D4}.Debug|Any CPU.Build.0 = Debug|Any CPU
		{5E37EBA9-3676-4959-9E7A-A53D9FC886D4}.Release|Any CPU.ActiveCfg = Release|Any CPU
		{5E37EBA9-3676-4959-9E7A-A53D9FC886D4}.Release|Any CPU.Build.0 = Release|Any CPU
		{94D4667E-57BC-42D6-A72A-0AE05B6A5A3B}.Debug|Any CPU.ActiveCfg = Debug|Any CPU
		{94D4667E-57BC-42D6-A72A-0AE05B6A5A3B}.Debug|Any CPU.Build.0 = Debug|Any CPU
		{94D4667E-57BC-42D6-A72A-0AE05B6A5A3B}.Release|Any CPU.ActiveCfg = Release|Any CPU
		{94D4667E-57BC-42D6-A72A-0AE05B6A5A3B}.Release|Any CPU.Build.0 = Release|Any CPU
	EndGlobalSection
	GlobalSection(SolutionProperties) = preSolution
		HideSolutionNode = FALSE
	EndGlobalSection
	GlobalSection(ExtensibilityGlobals) = postSolution
		SolutionGuid = {5483DF79-912E-45BB-90CE-FE601BAEC5D2}
	EndGlobalSection
EndGlobal
